// !$*UTF8*$!
{
	archiveVersion = 1;
	classes = {
	};
	objectVersion = 46;
	objects = {

/* Begin PBXBuildFile section */
		OBJ_34 /* Bash.swift in Sources */ = {isa = PBXBuildFile; fileRef = OBJ_9 /* Bash.swift */; };
		OBJ_35 /* Command.swift in Sources */ = {isa = PBXBuildFile; fileRef = OBJ_10 /* Command.swift */; };
		OBJ_36 /* Context.swift in Sources */ = {isa = PBXBuildFile; fileRef = OBJ_11 /* Context.swift */; };
		OBJ_37 /* FileHandle.swift in Sources */ = {isa = PBXBuildFile; fileRef = OBJ_12 /* FileHandle.swift */; };
		OBJ_38 /* Files.swift in Sources */ = {isa = PBXBuildFile; fileRef = OBJ_13 /* Files.swift */; };
		OBJ_39 /* Stream.swift in Sources */ = {isa = PBXBuildFile; fileRef = OBJ_14 /* Stream.swift */; };
		OBJ_40 /* String.swift in Sources */ = {isa = PBXBuildFile; fileRef = OBJ_15 /* String.swift */; };
		OBJ_41 /* Array.swift in Sources */ = {isa = PBXBuildFile; fileRef = OBJ_17 /* Array.swift */; };
		OBJ_42 /* Lazy-split.swift in Sources */ = {isa = PBXBuildFile; fileRef = OBJ_18 /* Lazy-split.swift */; };
		OBJ_49 /* Moderator.swift in Sources */ = {isa = PBXBuildFile; fileRef = OBJ_20 /* Moderator.swift */; };
		OBJ_50 /* Parsers.swift in Sources */ = {isa = PBXBuildFile; fileRef = OBJ_21 /* Parsers.swift */; };
		OBJ_57 /* main.swift in Sources */ = {isa = PBXBuildFile; fileRef = OBJ_23 /* main.swift */; };
		OBJ_59 /* SwiftShell.framework in Frameworks */ = {isa = PBXBuildFile; fileRef = OBJ_26 /* SwiftShell.framework */; };
		OBJ_60 /* Moderator.framework in Frameworks */ = {isa = PBXBuildFile; fileRef = OBJ_27 /* Moderator.framework */; };
/* End PBXBuildFile section */

/* Begin PBXContainerItemProxy section */
		BA71C7F91DE511B8007EBD78 /* PBXContainerItemProxy */ = {
			isa = PBXContainerItemProxy;
			containerPortal = OBJ_1 /* Project object */;
			proxyType = 1;
			remoteGlobalIDString = OBJ_29;
			remoteInfo = SwiftShell;
		};
		BA71C7FA1DE511B8007EBD78 /* PBXContainerItemProxy */ = {
			isa = PBXContainerItemProxy;
			containerPortal = OBJ_1 /* Project object */;
			proxyType = 1;
			remoteGlobalIDString = OBJ_44;
			remoteInfo = Moderator;
		};
/* End PBXContainerItemProxy section */

/* Begin PBXFileReference section */
		OBJ_10 /* Command.swift */ = {isa = PBXFileReference; lastKnownFileType = sourcecode.swift; path = Command.swift; sourceTree = "<group>"; };
		OBJ_11 /* Context.swift */ = {isa = PBXFileReference; lastKnownFileType = sourcecode.swift; path = Context.swift; sourceTree = "<group>"; };
		OBJ_12 /* FileHandle.swift */ = {isa = PBXFileReference; lastKnownFileType = sourcecode.swift; path = FileHandle.swift; sourceTree = "<group>"; };
		OBJ_13 /* Files.swift */ = {isa = PBXFileReference; lastKnownFileType = sourcecode.swift; path = Files.swift; sourceTree = "<group>"; };
		OBJ_14 /* Stream.swift */ = {isa = PBXFileReference; lastKnownFileType = sourcecode.swift; path = Stream.swift; sourceTree = "<group>"; };
		OBJ_15 /* String.swift */ = {isa = PBXFileReference; lastKnownFileType = sourcecode.swift; path = String.swift; sourceTree = "<group>"; };
		OBJ_17 /* Array.swift */ = {isa = PBXFileReference; lastKnownFileType = sourcecode.swift; path = Array.swift; sourceTree = "<group>"; };
		OBJ_18 /* Lazy-split.swift */ = {isa = PBXFileReference; lastKnownFileType = sourcecode.swift; path = "Lazy-split.swift"; sourceTree = "<group>"; };
		OBJ_20 /* Moderator.swift */ = {isa = PBXFileReference; lastKnownFileType = sourcecode.swift; path = Moderator.swift; sourceTree = "<group>"; };
		OBJ_21 /* Parsers.swift */ = {isa = PBXFileReference; lastKnownFileType = sourcecode.swift; path = Parsers.swift; sourceTree = "<group>"; };
		OBJ_23 /* main.swift */ = {isa = PBXFileReference; lastKnownFileType = sourcecode.swift; path = main.swift; sourceTree = "<group>"; };
		OBJ_26 /* SwiftShell.framework */ = {isa = PBXFileReference; explicitFileType = wrapper.framework; path = SwiftShell.framework; sourceTree = BUILT_PRODUCTS_DIR; };
		OBJ_27 /* Moderator.framework */ = {isa = PBXFileReference; explicitFileType = wrapper.framework; path = Moderator.framework; sourceTree = BUILT_PRODUCTS_DIR; };
		OBJ_28 /* linuxmain-generator */ = {isa = PBXFileReference; lastKnownFileType = text; path = "linuxmain-generator"; sourceTree = BUILT_PRODUCTS_DIR; };
		OBJ_6 /* Package.swift */ = {isa = PBXFileReference; explicitFileType = sourcecode.swift; path = Package.swift; sourceTree = "<group>"; };
		OBJ_9 /* Bash.swift */ = {isa = PBXFileReference; lastKnownFileType = sourcecode.swift; path = Bash.swift; sourceTree = "<group>"; };
/* End PBXFileReference section */

/* Begin PBXFrameworksBuildPhase section */
		OBJ_43 /* Frameworks */ = {
			isa = PBXFrameworksBuildPhase;
			buildActionMask = 0;
			files = (
			);
			runOnlyForDeploymentPostprocessing = 0;
		};
		OBJ_51 /* Frameworks */ = {
			isa = PBXFrameworksBuildPhase;
			buildActionMask = 0;
			files = (
			);
			runOnlyForDeploymentPostprocessing = 0;
		};
		OBJ_58 /* Frameworks */ = {
			isa = PBXFrameworksBuildPhase;
			buildActionMask = 0;
			files = (
				OBJ_59 /* SwiftShell.framework in Frameworks */,
				OBJ_60 /* Moderator.framework in Frameworks */,
			);
			runOnlyForDeploymentPostprocessing = 0;
		};
/* End PBXFrameworksBuildPhase section */

/* Begin PBXGroup section */
		OBJ_16 /* General */ = {
			isa = PBXGroup;
			children = (
				OBJ_17 /* Array.swift */,
				OBJ_18 /* Lazy-split.swift */,
			);
			path = General;
			sourceTree = "<group>";
		};
		OBJ_19 /* Moderator */ = {
			isa = PBXGroup;
			children = (
				OBJ_20 /* Moderator.swift */,
				OBJ_21 /* Parsers.swift */,
			);
			name = Moderator;
			path = "Packages/Moderator-0.4.0-beta.1/Sources";
			sourceTree = SOURCE_ROOT;
		};
		OBJ_22 /* linuxmain-generator */ = {
			isa = PBXGroup;
			children = (
				OBJ_23 /* main.swift */,
			);
			name = "linuxmain-generator";
			path = Sources;
			sourceTree = SOURCE_ROOT;
		};
		OBJ_24 /* Tests */ = {
			isa = PBXGroup;
			children = (
			);
			path = Tests;
			sourceTree = "<group>";
		};
		OBJ_25 /* Products */ = {
			isa = PBXGroup;
			children = (
				OBJ_26 /* SwiftShell.framework */,
				OBJ_27 /* Moderator.framework */,
				OBJ_28 /* linuxmain-generator */,
			);
			name = Products;
			sourceTree = BUILT_PRODUCTS_DIR;
		};
		OBJ_5 /*  */ = {
			isa = PBXGroup;
			children = (
				OBJ_6 /* Package.swift */,
				OBJ_7 /* Sources */,
				OBJ_24 /* Tests */,
				OBJ_25 /* Products */,
			);
			name = "";
			sourceTree = "<group>";
		};
		OBJ_7 /* Sources */ = {
			isa = PBXGroup;
			children = (
				OBJ_8 /* SwiftShell */,
				OBJ_19 /* Moderator */,
				OBJ_22 /* linuxmain-generator */,
			);
			path = Sources;
			sourceTree = "<group>";
		};
		OBJ_8 /* SwiftShell */ = {
			isa = PBXGroup;
			children = (
				OBJ_9 /* Bash.swift */,
				OBJ_10 /* Command.swift */,
				OBJ_11 /* Context.swift */,
				OBJ_12 /* FileHandle.swift */,
				OBJ_13 /* Files.swift */,
				OBJ_14 /* Stream.swift */,
				OBJ_15 /* String.swift */,
				OBJ_16 /* General */,
			);
			name = SwiftShell;
			path = "Packages/SwiftShell-3.0.0-beta.7/Sources/SwiftShell";
			sourceTree = SOURCE_ROOT;
		};
/* End PBXGroup section */

/* Begin PBXNativeTarget section */
		OBJ_29 /* SwiftShell */ = {
			isa = PBXNativeTarget;
			buildConfigurationList = OBJ_30 /* Build configuration list for PBXNativeTarget "SwiftShell" */;
			buildPhases = (
				OBJ_33 /* Sources */,
				OBJ_43 /* Frameworks */,
			);
			buildRules = (
			);
			dependencies = (
			);
			name = SwiftShell;
			productName = SwiftShell;
			productReference = OBJ_26 /* SwiftShell.framework */;
			productType = "com.apple.product-type.framework";
		};
		OBJ_44 /* Moderator */ = {
			isa = PBXNativeTarget;
			buildConfigurationList = OBJ_45 /* Build configuration list for PBXNativeTarget "Moderator" */;
			buildPhases = (
				OBJ_48 /* Sources */,
				OBJ_51 /* Frameworks */,
			);
			buildRules = (
			);
			dependencies = (
			);
			name = Moderator;
			productName = Moderator;
			productReference = OBJ_27 /* Moderator.framework */;
			productType = "com.apple.product-type.framework";
		};
		OBJ_52 /* linuxmain-generator */ = {
			isa = PBXNativeTarget;
			buildConfigurationList = OBJ_53 /* Build configuration list for PBXNativeTarget "linuxmain-generator" */;
			buildPhases = (
				OBJ_56 /* Sources */,
				OBJ_58 /* Frameworks */,
			);
			buildRules = (
			);
			dependencies = (
				OBJ_61 /* PBXTargetDependency */,
				OBJ_62 /* PBXTargetDependency */,
			);
			name = "linuxmain-generator";
			productName = linuxmain_generator;
			productReference = OBJ_28 /* linuxmain-generator */;
			productType = "com.apple.product-type.tool";
		};
/* End PBXNativeTarget section */

/* Begin PBXProject section */
		OBJ_1 /* Project object */ = {
			isa = PBXProject;
			attributes = {
				LastUpgradeCheck = 9999;
			};
			buildConfigurationList = OBJ_2 /* Build configuration list for PBXProject "linuxmain-generator" */;
			compatibilityVersion = "Xcode 3.2";
			developmentRegion = English;
			hasScannedForEncodings = 0;
			knownRegions = (
				en,
			);
			mainGroup = OBJ_5 /*  */;
			productRefGroup = OBJ_25 /* Products */;
			projectDirPath = "";
			projectRoot = "";
			targets = (
				OBJ_29 /* SwiftShell */,
				OBJ_44 /* Moderator */,
				OBJ_52 /* linuxmain-generator */,
			);
		};
/* End PBXProject section */

/* Begin PBXSourcesBuildPhase section */
		OBJ_33 /* Sources */ = {
			isa = PBXSourcesBuildPhase;
			buildActionMask = 0;
			files = (
				OBJ_34 /* Bash.swift in Sources */,
				OBJ_35 /* Command.swift in Sources */,
				OBJ_36 /* Context.swift in Sources */,
				OBJ_37 /* FileHandle.swift in Sources */,
				OBJ_38 /* Files.swift in Sources */,
				OBJ_39 /* Stream.swift in Sources */,
				OBJ_40 /* String.swift in Sources */,
				OBJ_41 /* Array.swift in Sources */,
				OBJ_42 /* Lazy-split.swift in Sources */,
			);
			runOnlyForDeploymentPostprocessing = 0;
		};
		OBJ_48 /* Sources */ = {
			isa = PBXSourcesBuildPhase;
			buildActionMask = 0;
			files = (
				OBJ_49 /* Moderator.swift in Sources */,
				OBJ_50 /* Parsers.swift in Sources */,
			);
			runOnlyForDeploymentPostprocessing = 0;
		};
		OBJ_56 /* Sources */ = {
			isa = PBXSourcesBuildPhase;
			buildActionMask = 0;
			files = (
				OBJ_57 /* main.swift in Sources */,
			);
			runOnlyForDeploymentPostprocessing = 0;
		};
/* End PBXSourcesBuildPhase section */

/* Begin PBXTargetDependency section */
		OBJ_61 /* PBXTargetDependency */ = {
			isa = PBXTargetDependency;
			target = OBJ_29 /* SwiftShell */;
			targetProxy = BA71C7F91DE511B8007EBD78 /* PBXContainerItemProxy */;
		};
		OBJ_62 /* PBXTargetDependency */ = {
			isa = PBXTargetDependency;
			target = OBJ_44 /* Moderator */;
			targetProxy = BA71C7FA1DE511B8007EBD78 /* PBXContainerItemProxy */;
		};
/* End PBXTargetDependency section */

/* Begin XCBuildConfiguration section */
		OBJ_3 /* Debug */ = {
			isa = XCBuildConfiguration;
			buildSettings = {
				COMBINE_HIDPI_IMAGES = YES;
				COPY_PHASE_STRIP = NO;
				DEBUG_INFORMATION_FORMAT = dwarf;
				DYLIB_INSTALL_NAME_BASE = "@rpath";
				ENABLE_NS_ASSERTIONS = YES;
				GCC_OPTIMIZATION_LEVEL = 0;
				MACOSX_DEPLOYMENT_TARGET = 10.10;
				ONLY_ACTIVE_ARCH = YES;
				OTHER_SWIFT_FLAGS = "-DXcode";
				PRODUCT_NAME = "$(TARGET_NAME)";
				SUPPORTED_PLATFORMS = "macosx iphoneos iphonesimulator appletvos appletvsimulator watchos watchsimulator";
				SWIFT_OPTIMIZATION_LEVEL = "-Onone";
				USE_HEADERMAP = NO;
			};
			name = Debug;
		};
		OBJ_31 /* Debug */ = {
			isa = XCBuildConfiguration;
			buildSettings = {
				ENABLE_TESTABILITY = YES;
				FRAMEWORK_SEARCH_PATHS = "$(PLATFORM_DIR)/Developer/Library/Frameworks";
				HEADER_SEARCH_PATHS = "";
				INFOPLIST_FILE = "linuxmain-generator.xcodeproj/SwiftShell_Info.plist";
				LD_RUNPATH_SEARCH_PATHS = "$(TOOLCHAIN_DIR)/usr/lib/swift/macosx";
				OTHER_LDFLAGS = "$(inherited)";
				OTHER_SWIFT_FLAGS = "$(inherited)";
				PRODUCT_BUNDLE_IDENTIFIER = SwiftShell;
				PRODUCT_MODULE_NAME = "$(TARGET_NAME:c99extidentifier)";
				PRODUCT_NAME = "$(TARGET_NAME:c99extidentifier)";
				SUPPORTED_PLATFORMS = macosx;
				SWIFT_ACTIVE_COMPILATION_CONDITIONS = SWIFT_PACKAGE;
				SWIFT_VERSION = 3.0;
				TARGET_NAME = SwiftShell;
			};
			name = Debug;
		};
		OBJ_32 /* Release */ = {
			isa = XCBuildConfiguration;
			buildSettings = {
				ENABLE_TESTABILITY = YES;
				FRAMEWORK_SEARCH_PATHS = "$(PLATFORM_DIR)/Developer/Library/Frameworks";
				HEADER_SEARCH_PATHS = "";
				INFOPLIST_FILE = "linuxmain-generator.xcodeproj/SwiftShell_Info.plist";
				LD_RUNPATH_SEARCH_PATHS = "$(TOOLCHAIN_DIR)/usr/lib/swift/macosx";
				OTHER_LDFLAGS = "$(inherited)";
				OTHER_SWIFT_FLAGS = "$(inherited)";
				PRODUCT_BUNDLE_IDENTIFIER = SwiftShell;
				PRODUCT_MODULE_NAME = "$(TARGET_NAME:c99extidentifier)";
				PRODUCT_NAME = "$(TARGET_NAME:c99extidentifier)";
				SUPPORTED_PLATFORMS = macosx;
				SWIFT_ACTIVE_COMPILATION_CONDITIONS = SWIFT_PACKAGE;
				SWIFT_VERSION = 3.0;
				TARGET_NAME = SwiftShell;
			};
			name = Release;
		};
		OBJ_4 /* Release */ = {
			isa = XCBuildConfiguration;
			buildSettings = {
				COMBINE_HIDPI_IMAGES = YES;
				COPY_PHASE_STRIP = YES;
				DEBUG_INFORMATION_FORMAT = "dwarf-with-dsym";
				DYLIB_INSTALL_NAME_BASE = "@rpath";
				GCC_OPTIMIZATION_LEVEL = s;
				MACOSX_DEPLOYMENT_TARGET = 10.10;
				OTHER_SWIFT_FLAGS = "-DXcode";
				PRODUCT_NAME = "$(TARGET_NAME)";
				SUPPORTED_PLATFORMS = "macosx iphoneos iphonesimulator appletvos appletvsimulator watchos watchsimulator";
				SWIFT_OPTIMIZATION_LEVEL = "-O";
				USE_HEADERMAP = NO;
			};
			name = Release;
		};
		OBJ_46 /* Debug */ = {
			isa = XCBuildConfiguration;
			buildSettings = {
				ENABLE_TESTABILITY = YES;
				FRAMEWORK_SEARCH_PATHS = "$(PLATFORM_DIR)/Developer/Library/Frameworks";
				HEADER_SEARCH_PATHS = "";
				INFOPLIST_FILE = "linuxmain-generator.xcodeproj/Moderator_Info.plist";
				LD_RUNPATH_SEARCH_PATHS = "$(TOOLCHAIN_DIR)/usr/lib/swift/macosx";
				OTHER_LDFLAGS = "$(inherited)";
				OTHER_SWIFT_FLAGS = "$(inherited)";
				PRODUCT_BUNDLE_IDENTIFIER = Moderator;
				PRODUCT_MODULE_NAME = "$(TARGET_NAME:c99extidentifier)";
				PRODUCT_NAME = "$(TARGET_NAME:c99extidentifier)";
				SUPPORTED_PLATFORMS = macosx;
				SWIFT_ACTIVE_COMPILATION_CONDITIONS = SWIFT_PACKAGE;
				SWIFT_VERSION = 3.0;
				TARGET_NAME = Moderator;
			};
			name = Debug;
		};
		OBJ_47 /* Release */ = {
			isa = XCBuildConfiguration;
			buildSettings = {
				ENABLE_TESTABILITY = YES;
				FRAMEWORK_SEARCH_PATHS = "$(PLATFORM_DIR)/Developer/Library/Frameworks";
				HEADER_SEARCH_PATHS = "";
				INFOPLIST_FILE = "linuxmain-generator.xcodeproj/Moderator_Info.plist";
				LD_RUNPATH_SEARCH_PATHS = "$(TOOLCHAIN_DIR)/usr/lib/swift/macosx";
				OTHER_LDFLAGS = "$(inherited)";
				OTHER_SWIFT_FLAGS = "$(inherited)";
				PRODUCT_BUNDLE_IDENTIFIER = Moderator;
				PRODUCT_MODULE_NAME = "$(TARGET_NAME:c99extidentifier)";
				PRODUCT_NAME = "$(TARGET_NAME:c99extidentifier)";
				SUPPORTED_PLATFORMS = macosx;
				SWIFT_ACTIVE_COMPILATION_CONDITIONS = SWIFT_PACKAGE;
				SWIFT_VERSION = 3.0;
				TARGET_NAME = Moderator;
			};
			name = Release;
		};
		OBJ_54 /* Debug */ = {
			isa = XCBuildConfiguration;
			buildSettings = {
				FRAMEWORK_SEARCH_PATHS = "$(PLATFORM_DIR)/Developer/Library/Frameworks";
				HEADER_SEARCH_PATHS = "";
				INFOPLIST_FILE = "linuxmain-generator.xcodeproj/linuxmain_generator_Info.plist";
				LD_RUNPATH_SEARCH_PATHS = "$(TOOLCHAIN_DIR)/usr/lib/swift/macosx @executable_path";
				OTHER_LDFLAGS = "$(inherited)";
				OTHER_SWIFT_FLAGS = "$(inherited)";
				SUPPORTED_PLATFORMS = macosx;
				SWIFT_ACTIVE_COMPILATION_CONDITIONS = SWIFT_PACKAGE;
				SWIFT_FORCE_DYNAMIC_LINK_STDLIB = YES;
				SWIFT_FORCE_STATIC_LINK_STDLIB = NO;
				SWIFT_VERSION = 3.0;
				TARGET_NAME = "linuxmain-generator";
			};
			name = Debug;
		};
		OBJ_55 /* Release */ = {
			isa = XCBuildConfiguration;
			buildSettings = {
				FRAMEWORK_SEARCH_PATHS = "$(PLATFORM_DIR)/Developer/Library/Frameworks";
				HEADER_SEARCH_PATHS = "";
				INFOPLIST_FILE = "linuxmain-generator.xcodeproj/linuxmain_generator_Info.plist";
				LD_RUNPATH_SEARCH_PATHS = "$(TOOLCHAIN_DIR)/usr/lib/swift/macosx @executable_path";
				OTHER_LDFLAGS = "$(inherited)";
				OTHER_SWIFT_FLAGS = "$(inherited)";
				SUPPORTED_PLATFORMS = macosx;
				SWIFT_ACTIVE_COMPILATION_CONDITIONS = SWIFT_PACKAGE;
				SWIFT_FORCE_DYNAMIC_LINK_STDLIB = YES;
				SWIFT_FORCE_STATIC_LINK_STDLIB = NO;
				SWIFT_VERSION = 3.0;
				TARGET_NAME = "linuxmain-generator";
			};
			name = Release;
		};
/* End XCBuildConfiguration section */

/* Begin XCConfigurationList section */
		OBJ_2 /* Build configuration list for PBXProject "linuxmain-generator" */ = {
			isa = XCConfigurationList;
			buildConfigurations = (
				OBJ_3 /* Debug */,
				OBJ_4 /* Release */,
			);
			defaultConfigurationIsVisible = 0;
			defaultConfigurationName = Debug;
		};
		OBJ_30 /* Build configuration list for PBXNativeTarget "SwiftShell" */ = {
			isa = XCConfigurationList;
			buildConfigurations = (
				OBJ_31 /* Debug */,
				OBJ_32 /* Release */,
			);
			defaultConfigurationIsVisible = 0;
			defaultConfigurationName = Debug;
		};
		OBJ_45 /* Build configuration list for PBXNativeTarget "Moderator" */ = {
			isa = XCConfigurationList;
			buildConfigurations = (
				OBJ_46 /* Debug */,
				OBJ_47 /* Release */,
			);
			defaultConfigurationIsVisible = 0;
			defaultConfigurationName = Debug;
		};
		OBJ_53 /* Build configuration list for PBXNativeTarget "linuxmain-generator" */ = {
			isa = XCConfigurationList;
			buildConfigurations = (
				OBJ_54 /* Debug */,
				OBJ_55 /* Release */,
			);
			defaultConfigurationIsVisible = 0;
			defaultConfigurationName = Debug;
		};
/* End XCConfigurationList section */
	};
	rootObject = OBJ_1 /* Project object */;
}
